
Microsoft Visual Studio Solution File, Format Version 12.00
# Visual Studio Version 16
VisualStudioVersion = 16.0.35706.149
MinimumVisualStudioVersion = 10.0.40219.1
Project("{FAE04EC0-301F-11D3-BF4B-00C04F79EFBC}") = "PlantsRPetsProjeto.Server", "PlantsRPetsProjeto.Server\PlantsRPetsProjeto.Server.csproj", "{9031C966-A37E-4D27-856D-F3CD853584D4}"
EndProject
Project("{54A90642-561A-4BB1-A94E-469ADEE60C69}") = "plantsrpetsprojeto.client", "plantsrpetsprojeto.client\plantsrpetsprojeto.client.esproj", "{572B2668-8D6A-41E1-B6B3-3643A2AA1A92}"
EndProject
Project("{FAE04EC0-301F-11D3-BF4B-00C04F79EFBC}") = "PlantsRPetsProjeto.Tests", "Tests\PlantsRPetsProjeto.Tests.csproj", "{A736566B-2C3F-4F51-8445-3B90BD4244AF}"
EndProject
Global
	GlobalSection(SolutionConfigurationPlatforms) = preSolution
		Debug|Any CPU = Debug|Any CPU
		Release|Any CPU = Release|Any CPU
	EndGlobalSection
	GlobalSection(ProjectConfigurationPlatforms) = postSolution
		{9031C966-A37E-4D27-856D-F3CD853584D4}.Debug|Any CPU.ActiveCfg = Debug|Any CPU
		{9031C966-A37E-4D27-856D-F3CD853584D4}.Debug|Any CPU.Build.0 = Debug|Any CPU
		{9031C966-A37E-4D27-856D-F3CD853584D4}.Release|Any CPU.ActiveCfg = Release|Any CPU
		{9031C966-A37E-4D27-856D-F3CD853584D4}.Release|Any CPU.Build.0 = Release|Any CPU
		{572B2668-8D6A-41E1-B6B3-3643A2AA1A92}.Debug|Any CPU.ActiveCfg = Debug|Any CPU
		{572B2668-8D6A-41E1-B6B3-3643A2AA1A92}.Debug|Any CPU.Build.0 = Debug|Any CPU
		{572B2668-8D6A-41E1-B6B3-3643A2AA1A92}.Debug|Any CPU.Deploy.0 = Debug|Any CPU
		{572B2668-8D6A-41E1-B6B3-3643A2AA1A92}.Release|Any CPU.ActiveCfg = Release|Any CPU
		{572B2668-8D6A-41E1-B6B3-3643A2AA1A92}.Release|Any CPU.Build.0 = Release|Any CPU
		{572B2668-8D6A-41E1-B6B3-3643A2AA1A92}.Release|Any CPU.Deploy.0 = Release|Any CPU
		{A736566B-2C3F-4F51-8445-3B90BD4244AF}.Debug|Any CPU.ActiveCfg = Debug|Any CPU
		{A736566B-2C3F-4F51-8445-3B90BD4244AF}.Debug|Any CPU.Build.0 = Debug|Any CPU
		{A736566B-2C3F-4F51-8445-3B90BD4244AF}.Release|Any CPU.ActiveCfg = Release|Any CPU
		{A736566B-2C3F-4F51-8445-3B90BD4244AF}.Release|Any CPU.Build.0 = Release|Any CPU
	EndGlobalSection
	GlobalSection(SolutionProperties) = preSolution
		HideSolutionNode = FALSE
	EndGlobalSection
	GlobalSection(ExtensibilityGlobals) = postSolution
		SolutionGuid = {69D8795D-88C7-470F-AFDD-EC7B75ADA01A}
	EndGlobalSection
EndGlobal
